
Microsoft Visual Studio Solution File, Format Version 12.00
# Visual Studio Version 17
VisualStudioVersion = 17.13.35931.197 d17.13
MinimumVisualStudioVersion = 10.0.40219.1
Project("{FAE04EC0-301F-11D3-BF4B-00C04F79EFBC}") = "Fatura-sistem", "Fatura-sistem\Fatura-sistem.csproj", "{817DF18B-62EB-4CA1-A1D9-4ED95701EF57}"
EndProject
Global
	GlobalSection(SolutionConfigurationPlatforms) = preSolution
		Debug|Any CPU = Debug|Any CPU
		Release|Any CPU = Release|Any CPU
	EndGlobalSection
	GlobalSection(ProjectConfigurationPlatforms) = postSolution
		{817DF18B-62EB-4CA1-A1D9-4ED95701EF57}.Debug|Any CPU.ActiveCfg = Debug|Any CPU
		{817DF18B-62EB-4CA1-A1D9-4ED95701EF57}.Debug|Any CPU.Build.0 = Debug|Any CPU
		{817DF18B-62EB-4CA1-A1D9-4ED95701EF57}.Release|Any CPU.ActiveCfg = Release|Any CPU
		{817DF18B-62EB-4CA1-A1D9-4ED95701EF57}.Release|Any CPU.Build.0 = Release|Any CPU
	EndGlobalSection
	GlobalSection(SolutionProperties) = preSolution
		HideSolutionNode = FALSE
	EndGlobalSection
	GlobalSection(ExtensibilityGlobals) = postSolution
		SolutionGuid = {250A4E2C-D772-40FF-97C7-CB9049C8FF18}
	EndGlobalSection
EndGlobal
